{
  "name": "@nickbabcock/cloud-functions",
  "lockfileVersion": 2,
  "requires": true,
  "packages": {
    "": {
      "name": "@nickbabcock/cloud-functions",
      "workspaces": [
        "src/*"
      ]
    },
    "node_modules/@nickbabcock/cloud-functions-brotli": {
      "resolved": "src/brotli",
      "link": true
    },
    "node_modules/@nickbabcock/cloud-functions-highwayhasher": {
      "resolved": "src/highwayhasher",
      "link": true
    },
    "node_modules/@nickbabcock/cloud-functions-jomini": {
      "resolved": "src/jomini",
      "link": true
    },
    "src/brotli": {
      "name": "@nickbabcock/cloud-functions-brotli",
      "version": "1.0.0",
      "hasInstallScript": true,
      "license": "MIT",
      "dependencies": {
        "crate": "file:crate/pkg"
      },
      "devDependencies": {
        "@cloudflare/workers-types": "^3.4.0",
        "esbuild": "^0.14.27",
        "typescript": "^4.6.2"
      }
    },
    "src/brotli/crate/pkg": {
      "name": "crate",
      "version": "0.1.0"
    },
    "src/brotli/node_modules/@cloudflare/workers-types": {
      "version": "3.4.0",
      "dev": true,
      "license": "BSD-3-Clause"
    },
    "src/brotli/node_modules/crate": {
      "resolved": "src/brotli/crate/pkg",
      "link": true
    },
    "src/brotli/node_modules/esbuild": {
      "version": "0.14.27",
      "dev": true,
      "hasInstallScript": true,
      "license": "MIT",
      "bin": {
        "esbuild": "bin/esbuild"
      },
      "engines": {
        "node": ">=12"
      },
      "optionalDependencies": {
        "esbuild-android-64": "0.14.27",
        "esbuild-android-arm64": "0.14.27",
        "esbuild-darwin-64": "0.14.27",
        "esbuild-darwin-arm64": "0.14.27",
        "esbuild-freebsd-64": "0.14.27",
        "esbuild-freebsd-arm64": "0.14.27",
        "esbuild-linux-32": "0.14.27",
        "esbuild-linux-64": "0.14.27",
        "esbuild-linux-arm": "0.14.27",
        "esbuild-linux-arm64": "0.14.27",
        "esbuild-linux-mips64le": "0.14.27",
        "esbuild-linux-ppc64le": "0.14.27",
        "esbuild-linux-riscv64": "0.14.27",
        "esbuild-linux-s390x": "0.14.27",
        "esbuild-netbsd-64": "0.14.27",
        "esbuild-openbsd-64": "0.14.27",
        "esbuild-sunos-64": "0.14.27",
        "esbuild-windows-32": "0.14.27",
        "esbuild-windows-64": "0.14.27",
        "esbuild-windows-arm64": "0.14.27"
      }
    },
    "src/brotli/node_modules/esbuild-linux-64": {
      "version": "0.14.27",
      "cpu": [
        "x64"
      ],
      "dev": true,
      "license": "MIT",
      "optional": true,
      "os": [
        "linux"
      ],
      "engines": {
        "node": ">=12"
      }
    },
    "src/brotli/node_modules/typescript": {
      "version": "4.6.2",
      "dev": true,
      "license": "Apache-2.0",
      "bin": {
        "tsc": "bin/tsc",
        "tsserver": "bin/tsserver"
      },
      "engines": {
        "node": ">=4.2.0"
      }
    },
    "src/highwayhasher": {
      "name": "@nickbabcock/cloud-functions-highwayhasher",
      "version": "1.0.0",
      "license": "MIT",
      "dependencies": {
        "highwayhasher": "^0.3.0"
      },
      "devDependencies": {
        "@cloudflare/workers-types": "^3.4.0",
        "esbuild": "^0.14.27",
        "typescript": "^4.6.2"
      }
    },
    "src/highwayhasher/node_modules/@cloudflare/workers-types": {
      "version": "3.4.0",
      "dev": true,
      "license": "BSD-3-Clause"
    },
    "src/highwayhasher/node_modules/esbuild": {
      "version": "0.14.27",
      "dev": true,
      "hasInstallScript": true,
      "license": "MIT",
      "bin": {
        "esbuild": "bin/esbuild"
      },
      "engines": {
        "node": ">=12"
      },
      "optionalDependencies": {
        "esbuild-android-64": "0.14.27",
        "esbuild-android-arm64": "0.14.27",
        "esbuild-darwin-64": "0.14.27",
        "esbuild-darwin-arm64": "0.14.27",
        "esbuild-freebsd-64": "0.14.27",
        "esbuild-freebsd-arm64": "0.14.27",
        "esbuild-linux-32": "0.14.27",
        "esbuild-linux-64": "0.14.27",
        "esbuild-linux-arm": "0.14.27",
        "esbuild-linux-arm64": "0.14.27",
        "esbuild-linux-mips64le": "0.14.27",
        "esbuild-linux-ppc64le": "0.14.27",
        "esbuild-linux-riscv64": "0.14.27",
        "esbuild-linux-s390x": "0.14.27",
        "esbuild-netbsd-64": "0.14.27",
        "esbuild-openbsd-64": "0.14.27",
        "esbuild-sunos-64": "0.14.27",
        "esbuild-windows-32": "0.14.27",
        "esbuild-windows-64": "0.14.27",
        "esbuild-windows-arm64": "0.14.27"
      }
    },
    "src/highwayhasher/node_modules/esbuild-linux-64": {
      "version": "0.14.27",
      "cpu": [
        "x64"
      ],
      "dev": true,
      "license": "MIT",
      "optional": true,
      "os": [
        "linux"
      ],
      "engines": {
        "node": ">=12"
      }
    },
    "src/highwayhasher/node_modules/highwayhasher": {
      "version": "0.3.0",
      "license": "MIT"
    },
    "src/highwayhasher/node_modules/typescript": {
      "version": "4.6.2",
      "dev": true,
      "license": "Apache-2.0",
      "bin": {
        "tsc": "bin/tsc",
        "tsserver": "bin/tsserver"
      },
      "engines": {
        "node": ">=4.2.0"
      }
    },
    "src/jomini": {
      "name": "@nickbabcock/cloud-functions-jomini",
      "version": "1.0.0",
      "license": "MIT",
      "dependencies": {
        "jomini": "^0.6.4"
      },
      "devDependencies": {
        "@cloudflare/workers-types": "^3.4.0",
        "esbuild": "^0.14.27",
        "typescript": "^4.6.2"
      }
    },
    "src/jomini/node_modules/@cloudflare/workers-types": {
      "version": "3.4.0",
      "dev": true,
      "license": "BSD-3-Clause"
    },
    "src/jomini/node_modules/esbuild": {
      "version": "0.14.27",
      "dev": true,
      "hasInstallScript": true,
      "license": "MIT",
      "bin": {
        "esbuild": "bin/esbuild"
      },
      "engines": {
        "node": ">=12"
      },
      "optionalDependencies": {
        "esbuild-android-64": "0.14.27",
        "esbuild-android-arm64": "0.14.27",
        "esbuild-darwin-64": "0.14.27",
        "esbuild-darwin-arm64": "0.14.27",
        "esbuild-freebsd-64": "0.14.27",
        "esbuild-freebsd-arm64": "0.14.27",
        "esbuild-linux-32": "0.14.27",
        "esbuild-linux-64": "0.14.27",
        "esbuild-linux-arm": "0.14.27",
        "esbuild-linux-arm64": "0.14.27",
        "esbuild-linux-mips64le": "0.14.27",
        "esbuild-linux-ppc64le": "0.14.27",
        "esbuild-linux-riscv64": "0.14.27",
        "esbuild-linux-s390x": "0.14.27",
        "esbuild-netbsd-64": "0.14.27",
        "esbuild-openbsd-64": "0.14.27",
        "esbuild-sunos-64": "0.14.27",
        "esbuild-windows-32": "0.14.27",
        "esbuild-windows-64": "0.14.27",
        "esbuild-windows-arm64": "0.14.27"
      }
    },
    "src/jomini/node_modules/esbuild-linux-64": {
      "version": "0.14.27",
      "cpu": [
        "x64"
      ],
      "dev": true,
      "license": "MIT",
      "optional": true,
      "os": [
        "linux"
      ],
      "engines": {
        "node": ">=12"
      }
    },
    "src/jomini/node_modules/jomini": {
      "version": "0.6.4",
      "license": "MIT"
    },
    "src/jomini/node_modules/typescript": {
      "version": "4.6.2",
      "dev": true,
      "license": "Apache-2.0",
      "bin": {
        "tsc": "bin/tsc",
        "tsserver": "bin/tsserver"
      },
      "engines": {
        "node": ">=4.2.0"
      }
    }
  },
  "dependencies": {
    "@nickbabcock/cloud-functions-brotli": {
      "version": "file:src/brotli",
      "requires": {
        "@cloudflare/workers-types": "^3.4.0",
        "crate": "file:crate/pkg",
        "esbuild": "^0.14.27",
        "typescript": "^4.6.2"
      },
      "dependencies": {
        "@cloudflare/workers-types": {
          "version": "3.4.0",
          "dev": true
        },
        "crate": {
          "version": "file:src/brotli/crate/pkg"
        },
        "esbuild": {
          "version": "0.14.27",
          "dev": true,
          "requires": {
            "esbuild-android-64": "0.14.27",
            "esbuild-android-arm64": "0.14.27",
            "esbuild-darwin-64": "0.14.27",
            "esbuild-darwin-arm64": "0.14.27",
            "esbuild-freebsd-64": "0.14.27",
            "esbuild-freebsd-arm64": "0.14.27",
            "esbuild-linux-32": "0.14.27",
            "esbuild-linux-64": "0.14.27",
            "esbuild-linux-arm": "0.14.27",
            "esbuild-linux-arm64": "0.14.27",
            "esbuild-linux-mips64le": "0.14.27",
            "esbuild-linux-ppc64le": "0.14.27",
            "esbuild-linux-riscv64": "0.14.27",
            "esbuild-linux-s390x": "0.14.27",
            "esbuild-netbsd-64": "0.14.27",
            "esbuild-openbsd-64": "0.14.27",
            "esbuild-sunos-64": "0.14.27",
            "esbuild-windows-32": "0.14.27",
            "esbuild-windows-64": "0.14.27",
            "esbuild-windows-arm64": "0.14.27"
          }
        },
        "esbuild-linux-64": {
          "version": "0.14.27",
          "dev": true,
          "optional": true
        },
        "typescript": {
          "version": "4.6.2",
          "dev": true
        }
      }
    },
    "@nickbabcock/cloud-functions-highwayhasher": {
      "version": "file:src/highwayhasher",
      "requires": {
        "@cloudflare/workers-types": "^3.4.0",
        "esbuild": "^0.14.27",
        "highwayhasher": "^0.3.0",
        "typescript": "^4.6.2"
      },
      "dependencies": {
        "@cloudflare/workers-types": {
          "version": "3.4.0",
          "dev": true
        },
        "esbuild": {
          "version": "0.14.27",
          "dev": true,
          "requires": {
            "esbuild-android-64": "0.14.27",
            "esbuild-android-arm64": "0.14.27",
            "esbuild-darwin-64": "0.14.27",
            "esbuild-darwin-arm64": "0.14.27",
            "esbuild-freebsd-64": "0.14.27",
            "esbuild-freebsd-arm64": "0.14.27",
            "esbuild-linux-32": "0.14.27",
            "esbuild-linux-64": "0.14.27",
            "esbuild-linux-arm": "0.14.27",
            "esbuild-linux-arm64": "0.14.27",
            "esbuild-linux-mips64le": "0.14.27",
            "esbuild-linux-ppc64le": "0.14.27",
            "esbuild-linux-riscv64": "0.14.27",
            "esbuild-linux-s390x": "0.14.27",
            "esbuild-netbsd-64": "0.14.27",
            "esbuild-openbsd-64": "0.14.27",
            "esbuild-sunos-64": "0.14.27",
            "esbuild-windows-32": "0.14.27",
            "esbuild-windows-64": "0.14.27",
            "esbuild-windows-arm64": "0.14.27"
          }
        },
        "esbuild-linux-64": {
          "version": "0.14.27",
          "dev": true,
          "optional": true
        },
        "highwayhasher": {
          "version": "0.3.0"
        },
        "typescript": {
          "version": "4.6.2",
          "dev": true
        }
      }
    },
    "@nickbabcock/cloud-functions-jomini": {
      "version": "file:src/jomini",
      "requires": {
        "@cloudflare/workers-types": "^3.4.0",
        "esbuild": "^0.14.27",
        "jomini": "^0.6.4",
        "typescript": "^4.6.2"
      },
      "dependencies": {
        "@cloudflare/workers-types": {
          "version": "3.4.0",
          "dev": true
        },
        "esbuild": {
          "version": "0.14.27",
          "dev": true,
          "requires": {
            "esbuild-android-64": "0.14.27",
            "esbuild-android-arm64": "0.14.27",
            "esbuild-darwin-64": "0.14.27",
            "esbuild-darwin-arm64": "0.14.27",
            "esbuild-freebsd-64": "0.14.27",
            "esbuild-freebsd-arm64": "0.14.27",
            "esbuild-linux-32": "0.14.27",
            "esbuild-linux-64": "0.14.27",
            "esbuild-linux-arm": "0.14.27",
            "esbuild-linux-arm64": "0.14.27",
            "esbuild-linux-mips64le": "0.14.27",
            "esbuild-linux-ppc64le": "0.14.27",
            "esbuild-linux-riscv64": "0.14.27",
            "esbuild-linux-s390x": "0.14.27",
            "esbuild-netbsd-64": "0.14.27",
            "esbuild-openbsd-64": "0.14.27",
            "esbuild-sunos-64": "0.14.27",
            "esbuild-windows-32": "0.14.27",
            "esbuild-windows-64": "0.14.27",
            "esbuild-windows-arm64": "0.14.27"
          }
        },
        "esbuild-linux-64": {
          "version": "0.14.27",
          "dev": true,
          "optional": true
        },
        "jomini": {
          "version": "0.6.4"
        },
        "typescript": {
          "version": "4.6.2",
          "dev": true
        }
      }
    }
  }
}
